
Microsoft Visual Studio Solution File, Format Version 12.00
# Visual Studio 15
VisualStudioVersion = 15.0.28307.271
MinimumVisualStudioVersion = 10.0.40219.1
Project("{888888A0-9F3D-457C-B088-3A5042F75D52}") = "LightGBM", "LightGBM\LightGBM.pyproj", "{A9766F97-0E6B-49CC-AC01-DBB45668E8DF}"
EndProject
Project("{888888A0-9F3D-457C-B088-3A5042F75D52}") = "RandomForest", "RandomForest\RandomForest.pyproj", "{F567613B-1323-4A44-BF85-8D63BBCE1B53}"
EndProject
Global
	GlobalSection(SolutionConfigurationPlatforms) = preSolution
		Debug|Any CPU = Debug|Any CPU
		Release|Any CPU = Release|Any CPU
	EndGlobalSection
	GlobalSection(ProjectConfigurationPlatforms) = postSolution
		{A9766F97-0E6B-49CC-AC01-DBB45668E8DF}.Debug|Any CPU.ActiveCfg = Debug|Any CPU
		{A9766F97-0E6B-49CC-AC01-DBB45668E8DF}.Release|Any CPU.ActiveCfg = Release|Any CPU
		{F567613B-1323-4A44-BF85-8D63BBCE1B53}.Debug|Any CPU.ActiveCfg = Debug|Any CPU
		{F567613B-1323-4A44-BF85-8D63BBCE1B53}.Release|Any CPU.ActiveCfg = Release|Any CPU
	EndGlobalSection
	GlobalSection(SolutionProperties) = preSolution
		HideSolutionNode = FALSE
	EndGlobalSection
	GlobalSection(ExtensibilityGlobals) = postSolution
		SolutionGuid = {6649CAE1-013E-42D3-AACE-08571B62F7AA}
	EndGlobalSection
EndGlobal
