
Microsoft Visual Studio Solution File, Format Version 12.00
# Visual Studio 15
VisualStudioVersion = 15.0.28307.271
MinimumVisualStudioVersion = 10.0.40219.1
Project("{888888A0-9F3D-457C-B088-3A5042F75D52}") = "LightGBM", "LightGBM\LightGBM.pyproj", "{A9766F97-0E6B-49CC-AC01-DBB45668E8DF}"
EndProject
Project("{888888A0-9F3D-457C-B088-3A5042F75D52}") = "RandomForest", "RandomForest\RandomForest.pyproj", "{F567613B-1323-4A44-BF85-8D63BBCE1B53}"
EndProject
Project("{888888A0-9F3D-457C-B088-3A5042F75D52}") = "Library", "Library\Library.pyproj", "{C6283161-729F-4A65-9AB8-BED11CAD9EF3}"
EndProject
Project("{888888A0-9F3D-457C-B088-3A5042F75D52}") = "CatBoost", "CatBoost\CatBoost.pyproj", "{4970038C-1B86-46F4-8444-A47A97E35D57}"
EndProject
Project("{888888A0-9F3D-457C-B088-3A5042F75D52}") = "XGBoost", "XGBoost\XGBoost.pyproj", "{5E703F06-01F5-43F9-A97B-26298D7B6126}"
EndProject
Project("{888888A0-9F3D-457C-B088-3A5042F75D52}") = "MultiClassificationTrainer", "MultiClassificationTrainer\MultiClassificationTrainer.pyproj", "{30992B38-F716-4EE7-BF91-1E922B837A82}"
EndProject
Project("{888888A0-9F3D-457C-B088-3A5042F75D52}") = "AdaBoost", "AdaBoost\AdaBoost.pyproj", "{A9AD6CA1-672B-427B-A154-EB984E7E2AFA}"
EndProject
Project("{888888A0-9F3D-457C-B088-3A5042F75D52}") = "TensorFlow", "TensorFlow\TensorFlow.pyproj", "{1D8F5AC9-7B80-4052-A099-EEA630CEDEE9}"
EndProject
Project("{888888A0-9F3D-457C-B088-3A5042F75D52}") = "SVM", "SVM\SVM.pyproj", "{0F50F720-5C7A-4C50-A90F-5B5BC99AED66}"
EndProject
Global
	GlobalSection(SolutionConfigurationPlatforms) = preSolution
		Debug|Any CPU = Debug|Any CPU
		Release|Any CPU = Release|Any CPU
	EndGlobalSection
	GlobalSection(ProjectConfigurationPlatforms) = postSolution
		{A9766F97-0E6B-49CC-AC01-DBB45668E8DF}.Debug|Any CPU.ActiveCfg = Debug|Any CPU
		{A9766F97-0E6B-49CC-AC01-DBB45668E8DF}.Release|Any CPU.ActiveCfg = Release|Any CPU
		{F567613B-1323-4A44-BF85-8D63BBCE1B53}.Debug|Any CPU.ActiveCfg = Debug|Any CPU
		{F567613B-1323-4A44-BF85-8D63BBCE1B53}.Release|Any CPU.ActiveCfg = Release|Any CPU
		{C6283161-729F-4A65-9AB8-BED11CAD9EF3}.Debug|Any CPU.ActiveCfg = Debug|Any CPU
		{C6283161-729F-4A65-9AB8-BED11CAD9EF3}.Release|Any CPU.ActiveCfg = Release|Any CPU
		{4970038C-1B86-46F4-8444-A47A97E35D57}.Debug|Any CPU.ActiveCfg = Debug|Any CPU
		{4970038C-1B86-46F4-8444-A47A97E35D57}.Release|Any CPU.ActiveCfg = Release|Any CPU
		{5E703F06-01F5-43F9-A97B-26298D7B6126}.Debug|Any CPU.ActiveCfg = Debug|Any CPU
		{5E703F06-01F5-43F9-A97B-26298D7B6126}.Release|Any CPU.ActiveCfg = Release|Any CPU
		{30992B38-F716-4EE7-BF91-1E922B837A82}.Debug|Any CPU.ActiveCfg = Debug|Any CPU
		{30992B38-F716-4EE7-BF91-1E922B837A82}.Release|Any CPU.ActiveCfg = Release|Any CPU
		{A9AD6CA1-672B-427B-A154-EB984E7E2AFA}.Debug|Any CPU.ActiveCfg = Debug|Any CPU
		{A9AD6CA1-672B-427B-A154-EB984E7E2AFA}.Release|Any CPU.ActiveCfg = Release|Any CPU
		{1D8F5AC9-7B80-4052-A099-EEA630CEDEE9}.Debug|Any CPU.ActiveCfg = Debug|Any CPU
		{1D8F5AC9-7B80-4052-A099-EEA630CEDEE9}.Release|Any CPU.ActiveCfg = Release|Any CPU
		{0F50F720-5C7A-4C50-A90F-5B5BC99AED66}.Debug|Any CPU.ActiveCfg = Debug|Any CPU
		{0F50F720-5C7A-4C50-A90F-5B5BC99AED66}.Release|Any CPU.ActiveCfg = Release|Any CPU
	EndGlobalSection
	GlobalSection(SolutionProperties) = preSolution
		HideSolutionNode = FALSE
	EndGlobalSection
	GlobalSection(ExtensibilityGlobals) = postSolution
		SolutionGuid = {6649CAE1-013E-42D3-AACE-08571B62F7AA}
	EndGlobalSection
EndGlobal
