
Microsoft Visual Studio Solution File, Format Version 12.00
# Visual Studio Version 16
VisualStudioVersion = 16.0.28803.202
MinimumVisualStudioVersion = 10.0.40219.1
Project("{888888A0-9F3D-457C-B088-3A5042F75D52}") = "Library", "Library\Library.pyproj", "{C6283161-729F-4A65-9AB8-BED11CAD9EF3}"
EndProject
Project("{888888A0-9F3D-457C-B088-3A5042F75D52}") = "PythonMachineLearning", "PythonMachineLearning\PythonMachineLearning.pyproj", "{3D74B006-F878-4D0B-9357-6808755779CA}"
EndProject
Global
	GlobalSection(SolutionConfigurationPlatforms) = preSolution
		Debug|Any CPU = Debug|Any CPU
		Release|Any CPU = Release|Any CPU
	EndGlobalSection
	GlobalSection(ProjectConfigurationPlatforms) = postSolution
		{C6283161-729F-4A65-9AB8-BED11CAD9EF3}.Debug|Any CPU.ActiveCfg = Debug|Any CPU
		{C6283161-729F-4A65-9AB8-BED11CAD9EF3}.Release|Any CPU.ActiveCfg = Release|Any CPU
		{3D74B006-F878-4D0B-9357-6808755779CA}.Debug|Any CPU.ActiveCfg = Debug|Any CPU
		{3D74B006-F878-4D0B-9357-6808755779CA}.Release|Any CPU.ActiveCfg = Release|Any CPU
	EndGlobalSection
	GlobalSection(SolutionProperties) = preSolution
		HideSolutionNode = FALSE
	EndGlobalSection
	GlobalSection(ExtensibilityGlobals) = postSolution
		SolutionGuid = {6649CAE1-013E-42D3-AACE-08571B62F7AA}
	EndGlobalSection
EndGlobal
